// !$*UTF8*$!
{
	archiveVersion = 1;
	classes = {
	};
	objectVersion = 56;
	objects = {

/* Begin PBXBuildFile section */
		3D1332B12A93AA6100942C5C /* AnnotatedItem.swift in Sources */ = {isa = PBXBuildFile; fileRef = 3D1332B02A93AA6100942C5C /* AnnotatedItem.swift */; };
		3D1332B32A93AF9F00942C5C /* Rating.swift in Sources */ = {isa = PBXBuildFile; fileRef = 3D1332B22A93AF9F00942C5C /* Rating.swift */; };
		3D1332B52A93B11200942C5C /* ReviewView.swift in Sources */ = {isa = PBXBuildFile; fileRef = 3D1332B42A93B11200942C5C /* ReviewView.swift */; };
		3D2535A02A813320001CD155 /* MapView.swift in Sources */ = {isa = PBXBuildFile; fileRef = 3D25359F2A813320001CD155 /* MapView.swift */; };
		3D400D9D2A4DDE4B002067B1 /* Restaurant.swift in Sources */ = {isa = PBXBuildFile; fileRef = 3D400D9C2A4DDE4B002067B1 /* Restaurant.swift */; };
		3D5C6D5E2A77FB9400992CBB /* Nunito-Regular.ttf in Resources */ = {isa = PBXBuildFile; fileRef = 3D5C6D5C2A77FB9400992CBB /* Nunito-Regular.ttf */; };
		3D5C6D5F2A77FB9400992CBB /* Nunito-Bold.ttf in Resources */ = {isa = PBXBuildFile; fileRef = 3D5C6D5D2A77FB9400992CBB /* Nunito-Bold.ttf */; };
		3D660E262A73626F00E19806 /* ActivityView.swift in Sources */ = {isa = PBXBuildFile; fileRef = 3D660E252A73626F00E19806 /* ActivityView.swift */; };
		3D660E282A736CD500E19806 /* RestaurantDetailView.swift in Sources */ = {isa = PBXBuildFile; fileRef = 3D660E272A736CD500E19806 /* RestaurantDetailView.swift */; };
		3D8044142A95614700579B2C /* NewRestaurantView.swift in Sources */ = {isa = PBXBuildFile; fileRef = 3D8044132A95614700579B2C /* NewRestaurantView.swift */; };
		3D8044162A9562A100579B2C /* FormTextField.swift in Sources */ = {isa = PBXBuildFile; fileRef = 3D8044152A9562A100579B2C /* FormTextField.swift */; };
		3D8044182A95634100579B2C /* FormTextView.swift in Sources */ = {isa = PBXBuildFile; fileRef = 3D8044172A95634100579B2C /* FormTextView.swift */; };
		3D80441B2A964EAD00579B2C /* ImagePicker.swift in Sources */ = {isa = PBXBuildFile; fileRef = 3D80441A2A964EAD00579B2C /* ImagePicker.swift */; };
		3D80441D2A96564800579B2C /* Persistence.swift in Sources */ = {isa = PBXBuildFile; fileRef = 3D80441C2A96564800579B2C /* Persistence.swift */; };
		3D8044202A96571A00579B2C /* FoodPin.xcdatamodeld in Sources */ = {isa = PBXBuildFile; fileRef = 3D80441E2A96571A00579B2C /* FoodPin.xcdatamodeld */; };
		3D8044222A96D68F00579B2C /* EmptyView.swift in Sources */ = {isa = PBXBuildFile; fileRef = 3D8044212A96D68F00579B2C /* EmptyView.swift */; };
		3D8044252A96D7C500579B2C /* NewRestaurantFormViewModel.swift in Sources */ = {isa = PBXBuildFile; fileRef = 3D8044242A96D7C500579B2C /* NewRestaurantFormViewModel.swift */; };
		3D8044272A97A6AD00579B2C /* MainView.swift in Sources */ = {isa = PBXBuildFile; fileRef = 3D8044262A97A6AD00579B2C /* MainView.swift */; };
		3D8044292A97A70B00579B2C /* AboutView.swift in Sources */ = {isa = PBXBuildFile; fileRef = 3D8044282A97A70B00579B2C /* AboutView.swift */; };
		3DB40D622A4A1E3E00C7CD91 /* FoodPinApp.swift in Sources */ = {isa = PBXBuildFile; fileRef = 3DB40D612A4A1E3E00C7CD91 /* FoodPinApp.swift */; };
		3DB40D642A4A1E3E00C7CD91 /* RestaurantListView.swift in Sources */ = {isa = PBXBuildFile; fileRef = 3DB40D632A4A1E3E00C7CD91 /* RestaurantListView.swift */; };
		3DB40D662A4A1E3F00C7CD91 /* Assets.xcassets in Resources */ = {isa = PBXBuildFile; fileRef = 3DB40D652A4A1E3F00C7CD91 /* Assets.xcassets */; };
		3DB40D692A4A1E3F00C7CD91 /* Preview Assets.xcassets in Resources */ = {isa = PBXBuildFile; fileRef = 3DB40D682A4A1E3F00C7CD91 /* Preview Assets.xcassets */; };
/* End PBXBuildFile section */

/* Begin PBXFileReference section */
		3D1332B02A93AA6100942C5C /* AnnotatedItem.swift */ = {isa = PBXFileReference; lastKnownFileType = sourcecode.swift; path = AnnotatedItem.swift; sourceTree = "<group>"; };
		3D1332B22A93AF9F00942C5C /* Rating.swift */ = {isa = PBXFileReference; lastKnownFileType = sourcecode.swift; path = Rating.swift; sourceTree = "<group>"; };
		3D1332B42A93B11200942C5C /* ReviewView.swift */ = {isa = PBXFileReference; lastKnownFileType = sourcecode.swift; path = ReviewView.swift; sourceTree = "<group>"; };
		3D25359F2A813320001CD155 /* MapView.swift */ = {isa = PBXFileReference; lastKnownFileType = sourcecode.swift; path = MapView.swift; sourceTree = "<group>"; };
		3D400D9C2A4DDE4B002067B1 /* Restaurant.swift */ = {isa = PBXFileReference; lastKnownFileType = sourcecode.swift; path = Restaurant.swift; sourceTree = "<group>"; };
		3D5C6D5C2A77FB9400992CBB /* Nunito-Regular.ttf */ = {isa = PBXFileReference; lastKnownFileType = file; path = "Nunito-Regular.ttf"; sourceTree = "<group>"; };
		3D5C6D5D2A77FB9400992CBB /* Nunito-Bold.ttf */ = {isa = PBXFileReference; lastKnownFileType = file; path = "Nunito-Bold.ttf"; sourceTree = "<group>"; };
		3D5C6D602A77FBCF00992CBB /* Info.plist */ = {isa = PBXFileReference; lastKnownFileType = text.plist; path = Info.plist; sourceTree = "<group>"; };
		3D660E252A73626F00E19806 /* ActivityView.swift */ = {isa = PBXFileReference; lastKnownFileType = sourcecode.swift; path = ActivityView.swift; sourceTree = "<group>"; };
		3D660E272A736CD500E19806 /* RestaurantDetailView.swift */ = {isa = PBXFileReference; lastKnownFileType = sourcecode.swift; path = RestaurantDetailView.swift; sourceTree = "<group>"; };
		3D8044132A95614700579B2C /* NewRestaurantView.swift */ = {isa = PBXFileReference; lastKnownFileType = sourcecode.swift; path = NewRestaurantView.swift; sourceTree = "<group>"; };
		3D8044152A9562A100579B2C /* FormTextField.swift */ = {isa = PBXFileReference; lastKnownFileType = sourcecode.swift; path = FormTextField.swift; sourceTree = "<group>"; };
		3D8044172A95634100579B2C /* FormTextView.swift */ = {isa = PBXFileReference; lastKnownFileType = sourcecode.swift; path = FormTextView.swift; sourceTree = "<group>"; };
		3D80441A2A964EAD00579B2C /* ImagePicker.swift */ = {isa = PBXFileReference; lastKnownFileType = sourcecode.swift; path = ImagePicker.swift; sourceTree = "<group>"; };
		3D80441C2A96564800579B2C /* Persistence.swift */ = {isa = PBXFileReference; lastKnownFileType = sourcecode.swift; path = Persistence.swift; sourceTree = "<group>"; };
		3D80441F2A96571A00579B2C /* FoodPin.xcdatamodel */ = {isa = PBXFileReference; lastKnownFileType = wrapper.xcdatamodel; path = FoodPin.xcdatamodel; sourceTree = "<group>"; };
		3D8044212A96D68F00579B2C /* EmptyView.swift */ = {isa = PBXFileReference; lastKnownFileType = sourcecode.swift; path = EmptyView.swift; sourceTree = "<group>"; };
		3D8044242A96D7C500579B2C /* NewRestaurantFormViewModel.swift */ = {isa = PBXFileReference; lastKnownFileType = sourcecode.swift; path = NewRestaurantFormViewModel.swift; sourceTree = "<group>"; };
		3D8044262A97A6AD00579B2C /* MainView.swift */ = {isa = PBXFileReference; lastKnownFileType = sourcecode.swift; path = MainView.swift; sourceTree = "<group>"; };
		3D8044282A97A70B00579B2C /* AboutView.swift */ = {isa = PBXFileReference; lastKnownFileType = sourcecode.swift; path = AboutView.swift; sourceTree = "<group>"; };
		3DB40D5E2A4A1E3E00C7CD91 /* FoodPin.app */ = {isa = PBXFileReference; explicitFileType = wrapper.application; includeInIndex = 0; path = FoodPin.app; sourceTree = BUILT_PRODUCTS_DIR; };
		3DB40D612A4A1E3E00C7CD91 /* FoodPinApp.swift */ = {isa = PBXFileReference; lastKnownFileType = sourcecode.swift; path = FoodPinApp.swift; sourceTree = "<group>"; };
		3DB40D632A4A1E3E00C7CD91 /* RestaurantListView.swift */ = {isa = PBXFileReference; lastKnownFileType = sourcecode.swift; path = RestaurantListView.swift; sourceTree = "<group>"; };
		3DB40D652A4A1E3F00C7CD91 /* Assets.xcassets */ = {isa = PBXFileReference; lastKnownFileType = folder.assetcatalog; path = Assets.xcassets; sourceTree = "<group>"; };
		3DB40D682A4A1E3F00C7CD91 /* Preview Assets.xcassets */ = {isa = PBXFileReference; lastKnownFileType = folder.assetcatalog; path = "Preview Assets.xcassets"; sourceTree = "<group>"; };
/* End PBXFileReference section */

/* Begin PBXFrameworksBuildPhase section */
		3DB40D5B2A4A1E3E00C7CD91 /* Frameworks */ = {
			isa = PBXFrameworksBuildPhase;
			buildActionMask = 2147483647;
			files = (
			);
			runOnlyForDeploymentPostprocessing = 0;
		};
/* End PBXFrameworksBuildPhase section */

/* Begin PBXGroup section */
		3D400D9E2A4DE0DB002067B1 /* Models */ = {
			isa = PBXGroup;
			children = (
				3D400D9C2A4DDE4B002067B1 /* Restaurant.swift */,
				3D1332B02A93AA6100942C5C /* AnnotatedItem.swift */,
				3D1332B22A93AF9F00942C5C /* Rating.swift */,
				3D80441C2A96564800579B2C /* Persistence.swift */,
				3D80441E2A96571A00579B2C /* FoodPin.xcdatamodeld */,
			);
			path = Models;
			sourceTree = "<group>";
		};
		3D400D9F2A4DE0E3002067B1 /* Views */ = {
			isa = PBXGroup;
			children = (
				3DB40D632A4A1E3E00C7CD91 /* RestaurantListView.swift */,
				3D660E252A73626F00E19806 /* ActivityView.swift */,
				3D660E272A736CD500E19806 /* RestaurantDetailView.swift */,
				3D25359F2A813320001CD155 /* MapView.swift */,
				3D1332B42A93B11200942C5C /* ReviewView.swift */,
				3D8044132A95614700579B2C /* NewRestaurantView.swift */,
				3D8044152A9562A100579B2C /* FormTextField.swift */,
				3D8044172A95634100579B2C /* FormTextView.swift */,
				3D8044212A96D68F00579B2C /* EmptyView.swift */,
				3D8044262A97A6AD00579B2C /* MainView.swift */,
				3D8044282A97A70B00579B2C /* AboutView.swift */,
			);
			path = Views;
			sourceTree = "<group>";
		};
		3D5C6D5A2A77FB4500992CBB /* Resources */ = {
			isa = PBXGroup;
			children = (
				3D5C6D5B2A77FB4D00992CBB /* Fonts */,
			);
			path = Resources;
			sourceTree = "<group>";
		};
		3D5C6D5B2A77FB4D00992CBB /* Fonts */ = {
			isa = PBXGroup;
			children = (
				3D5C6D5D2A77FB9400992CBB /* Nunito-Bold.ttf */,
				3D5C6D5C2A77FB9400992CBB /* Nunito-Regular.ttf */,
			);
			path = Fonts;
			sourceTree = "<group>";
		};
		3D8044192A964E9800579B2C /* Utils */ = {
			isa = PBXGroup;
			children = (
				3D80441A2A964EAD00579B2C /* ImagePicker.swift */,
			);
			path = Utils;
			sourceTree = "<group>";
		};
		3D8044232A96D7B700579B2C /* ViewModels */ = {
			isa = PBXGroup;
			children = (
				3D8044242A96D7C500579B2C /* NewRestaurantFormViewModel.swift */,
			);
			path = ViewModels;
			sourceTree = "<group>";
		};
		3DB40D552A4A1E3D00C7CD91 = {
			isa = PBXGroup;
			children = (
				3DB40D602A4A1E3E00C7CD91 /* FoodPin */,
				3DB40D5F2A4A1E3E00C7CD91 /* Products */,
			);
			sourceTree = "<group>";
		};
		3DB40D5F2A4A1E3E00C7CD91 /* Products */ = {
			isa = PBXGroup;
			children = (
				3DB40D5E2A4A1E3E00C7CD91 /* FoodPin.app */,
			);
			name = Products;
			sourceTree = "<group>";
		};
		3DB40D602A4A1E3E00C7CD91 /* FoodPin */ = {
			isa = PBXGroup;
			children = (
				3D8044232A96D7B700579B2C /* ViewModels */,
				3D8044192A964E9800579B2C /* Utils */,
				3D5C6D5A2A77FB4500992CBB /* Resources */,
				3D400D9F2A4DE0E3002067B1 /* Views */,
				3D400D9E2A4DE0DB002067B1 /* Models */,
				3DB40D612A4A1E3E00C7CD91 /* FoodPinApp.swift */,
				3D5C6D602A77FBCF00992CBB /* Info.plist */,
				3DB40D652A4A1E3F00C7CD91 /* Assets.xcassets */,
				3DB40D672A4A1E3F00C7CD91 /* Preview Content */,
			);
			path = FoodPin;
			sourceTree = "<group>";
		};
		3DB40D672A4A1E3F00C7CD91 /* Preview Content */ = {
			isa = PBXGroup;
			children = (
				3DB40D682A4A1E3F00C7CD91 /* Preview Assets.xcassets */,
			);
			path = "Preview Content";
			sourceTree = "<group>";
		};
/* End PBXGroup section */

/* Begin PBXNativeTarget section */
		3DB40D5D2A4A1E3E00C7CD91 /* FoodPin */ = {
			isa = PBXNativeTarget;
			buildConfigurationList = 3DB40D6C2A4A1E3F00C7CD91 /* Build configuration list for PBXNativeTarget "FoodPin" */;
			buildPhases = (
				3DB40D5A2A4A1E3E00C7CD91 /* Sources */,
				3DB40D5B2A4A1E3E00C7CD91 /* Frameworks */,
				3DB40D5C2A4A1E3E00C7CD91 /* Resources */,
			);
			buildRules = (
			);
			dependencies = (
			);
			name = FoodPin;
			productName = FoodPin;
			productReference = 3DB40D5E2A4A1E3E00C7CD91 /* FoodPin.app */;
			productType = "com.apple.product-type.application";
		};
/* End PBXNativeTarget section */

/* Begin PBXProject section */
		3DB40D562A4A1E3D00C7CD91 /* Project object */ = {
			isa = PBXProject;
			attributes = {
				BuildIndependentTargetsInParallel = 1;
				LastSwiftUpdateCheck = 1430;
				LastUpgradeCheck = 1430;
				TargetAttributes = {
					3DB40D5D2A4A1E3E00C7CD91 = {
						CreatedOnToolsVersion = 14.3;
					};
				};
			};
			buildConfigurationList = 3DB40D592A4A1E3D00C7CD91 /* Build configuration list for PBXProject "FoodPin" */;
			compatibilityVersion = "Xcode 14.0";
			developmentRegion = en;
			hasScannedForEncodings = 0;
			knownRegions = (
				en,
				Base,
			);
			mainGroup = 3DB40D552A4A1E3D00C7CD91;
			productRefGroup = 3DB40D5F2A4A1E3E00C7CD91 /* Products */;
			projectDirPath = "";
			projectRoot = "";
			targets = (
				3DB40D5D2A4A1E3E00C7CD91 /* FoodPin */,
			);
		};
/* End PBXProject section */

/* Begin PBXResourcesBuildPhase section */
		3DB40D5C2A4A1E3E00C7CD91 /* Resources */ = {
			isa = PBXResourcesBuildPhase;
			buildActionMask = 2147483647;
			files = (
				3D5C6D5E2A77FB9400992CBB /* Nunito-Regular.ttf in Resources */,
				3DB40D692A4A1E3F00C7CD91 /* Preview Assets.xcassets in Resources */,
				3D5C6D5F2A77FB9400992CBB /* Nunito-Bold.ttf in Resources */,
				3DB40D662A4A1E3F00C7CD91 /* Assets.xcassets in Resources */,
			);
			runOnlyForDeploymentPostprocessing = 0;
		};
/* End PBXResourcesBuildPhase section */

/* Begin PBXSourcesBuildPhase section */
		3DB40D5A2A4A1E3E00C7CD91 /* Sources */ = {
			isa = PBXSourcesBuildPhase;
			buildActionMask = 2147483647;
			files = (
				3D80441B2A964EAD00579B2C /* ImagePicker.swift in Sources */,
				3D8044272A97A6AD00579B2C /* MainView.swift in Sources */,
				3D8044252A96D7C500579B2C /* NewRestaurantFormViewModel.swift in Sources */,
				3D8044142A95614700579B2C /* NewRestaurantView.swift in Sources */,
				3D8044182A95634100579B2C /* FormTextView.swift in Sources */,
				3D80441D2A96564800579B2C /* Persistence.swift in Sources */,
				3D8044222A96D68F00579B2C /* EmptyView.swift in Sources */,
				3DB40D642A4A1E3E00C7CD91 /* RestaurantListView.swift in Sources */,
				3D8044202A96571A00579B2C /* FoodPin.xcdatamodeld in Sources */,
				3D1332B52A93B11200942C5C /* ReviewView.swift in Sources */,
				3D2535A02A813320001CD155 /* MapView.swift in Sources */,
				3D660E282A736CD500E19806 /* RestaurantDetailView.swift in Sources */,
				3D1332B12A93AA6100942C5C /* AnnotatedItem.swift in Sources */,
				3D1332B32A93AF9F00942C5C /* Rating.swift in Sources */,
				3D660E262A73626F00E19806 /* ActivityView.swift in Sources */,
				3DB40D622A4A1E3E00C7CD91 /* FoodPinApp.swift in Sources */,
				3D8044292A97A70B00579B2C /* AboutView.swift in Sources */,
				3D400D9D2A4DDE4B002067B1 /* Restaurant.swift in Sources */,
				3D8044162A9562A100579B2C /* FormTextField.swift in Sources */,
			);
			runOnlyForDeploymentPostprocessing = 0;
		};
/* End PBXSourcesBuildPhase section */

/* Begin XCBuildConfiguration section */
		3DB40D6A2A4A1E3F00C7CD91 /* Debug */ = {
			isa = XCBuildConfiguration;
			buildSettings = {
				ALWAYS_SEARCH_USER_PATHS = NO;
				CLANG_ANALYZER_NONNULL = YES;
				CLANG_ANALYZER_NUMBER_OBJECT_CONVERSION = YES_AGGRESSIVE;
				CLANG_CXX_LANGUAGE_STANDARD = "gnu++20";
				CLANG_ENABLE_MODULES = YES;
				CLANG_ENABLE_OBJC_ARC = YES;
				CLANG_ENABLE_OBJC_WEAK = YES;
				CLANG_WARN_BLOCK_CAPTURE_AUTORELEASING = YES;
				CLANG_WARN_BOOL_CONVERSION = YES;
				CLANG_WARN_COMMA = YES;
				CLANG_WARN_CONSTANT_CONVERSION = YES;
				CLANG_WARN_DEPRECATED_OBJC_IMPLEMENTATIONS = YES;
				CLANG_WARN_DIRECT_OBJC_ISA_USAGE = YES_ERROR;
				CLANG_WARN_DOCUMENTATION_COMMENTS = YES;
				CLANG_WARN_EMPTY_BODY = YES;
				CLANG_WARN_ENUM_CONVERSION = YES;
				CLANG_WARN_INFINITE_RECURSION = YES;
				CLANG_WARN_INT_CONVERSION = YES;
				CLANG_WARN_NON_LITERAL_NULL_CONVERSION = YES;
				CLANG_WARN_OBJC_IMPLICIT_RETAIN_SELF = YES;
				CLANG_WARN_OBJC_LITERAL_CONVERSION = YES;
				CLANG_WARN_OBJC_ROOT_CLASS = YES_ERROR;
				CLANG_WARN_QUOTED_INCLUDE_IN_FRAMEWORK_HEADER = YES;
				CLANG_WARN_RANGE_LOOP_ANALYSIS = YES;
				CLANG_WARN_STRICT_PROTOTYPES = YES;
				CLANG_WARN_SUSPICIOUS_MOVE = YES;
				CLANG_WARN_UNGUARDED_AVAILABILITY = YES_AGGRESSIVE;
				CLANG_WARN_UNREACHABLE_CODE = YES;
				CLANG_WARN__DUPLICATE_METHOD_MATCH = YES;
				COPY_PHASE_STRIP = NO;
				DEBUG_INFORMATION_FORMAT = dwarf;
				ENABLE_STRICT_OBJC_MSGSEND = YES;
				ENABLE_TESTABILITY = YES;
				GCC_C_LANGUAGE_STANDARD = gnu11;
				GCC_DYNAMIC_NO_PIC = NO;
				GCC_NO_COMMON_BLOCKS = YES;
				GCC_OPTIMIZATION_LEVEL = 0;
				GCC_PREPROCESSOR_DEFINITIONS = (
					"DEBUG=1",
					"$(inherited)",
				);
				GCC_WARN_64_TO_32_BIT_CONVERSION = YES;
				GCC_WARN_ABOUT_RETURN_TYPE = YES_ERROR;
				GCC_WARN_UNDECLARED_SELECTOR = YES;
				GCC_WARN_UNINITIALIZED_AUTOS = YES_AGGRESSIVE;
				GCC_WARN_UNUSED_FUNCTION = YES;
				GCC_WARN_UNUSED_VARIABLE = YES;
				IPHONEOS_DEPLOYMENT_TARGET = 16.0;
				MTL_ENABLE_DEBUG_INFO = INCLUDE_SOURCE;
				MTL_FAST_MATH = YES;
				ONLY_ACTIVE_ARCH = YES;
				SDKROOT = iphoneos;
				SWIFT_ACTIVE_COMPILATION_CONDITIONS = DEBUG;
				SWIFT_OPTIMIZATION_LEVEL = "-Onone";
			};
			name = Debug;
		};
		3DB40D6B2A4A1E3F00C7CD91 /* Release */ = {
			isa = XCBuildConfiguration;
			buildSettings = {
				ALWAYS_SEARCH_USER_PATHS = NO;
				CLANG_ANALYZER_NONNULL = YES;
				CLANG_ANALYZER_NUMBER_OBJECT_CONVERSION = YES_AGGRESSIVE;
				CLANG_CXX_LANGUAGE_STANDARD = "gnu++20";
				CLANG_ENABLE_MODULES = YES;
				CLANG_ENABLE_OBJC_ARC = YES;
				CLANG_ENABLE_OBJC_WEAK = YES;
				CLANG_WARN_BLOCK_CAPTURE_AUTORELEASING = YES;
				CLANG_WARN_BOOL_CONVERSION = YES;
				CLANG_WARN_COMMA = YES;
				CLANG_WARN_CONSTANT_CONVERSION = YES;
				CLANG_WARN_DEPRECATED_OBJC_IMPLEMENTATIONS = YES;
				CLANG_WARN_DIRECT_OBJC_ISA_USAGE = YES_ERROR;
				CLANG_WARN_DOCUMENTATION_COMMENTS = YES;
				CLANG_WARN_EMPTY_BODY = YES;
				CLANG_WARN_ENUM_CONVERSION = YES;
				CLANG_WARN_INFINITE_RECURSION = YES;
				CLANG_WARN_INT_CONVERSION = YES;
				CLANG_WARN_NON_LITERAL_NULL_CONVERSION = YES;
				CLANG_WARN_OBJC_IMPLICIT_RETAIN_SELF = YES;
				CLANG_WARN_OBJC_LITERAL_CONVERSION = YES;
				CLANG_WARN_OBJC_ROOT_CLASS = YES_ERROR;
				CLANG_WARN_QUOTED_INCLUDE_IN_FRAMEWORK_HEADER = YES;
				CLANG_WARN_RANGE_LOOP_ANALYSIS = YES;
				CLANG_WARN_STRICT_PROTOTYPES = YES;
				CLANG_WARN_SUSPICIOUS_MOVE = YES;
				CLANG_WARN_UNGUARDED_AVAILABILITY = YES_AGGRESSIVE;
				CLANG_WARN_UNREACHABLE_CODE = YES;
				CLANG_WARN__DUPLICATE_METHOD_MATCH = YES;
				COPY_PHASE_STRIP = NO;
				DEBUG_INFORMATION_FORMAT = "dwarf-with-dsym";
				ENABLE_NS_ASSERTIONS = NO;
				ENABLE_STRICT_OBJC_MSGSEND = YES;
				GCC_C_LANGUAGE_STANDARD = gnu11;
				GCC_NO_COMMON_BLOCKS = YES;
				GCC_WARN_64_TO_32_BIT_CONVERSION = YES;
				GCC_WARN_ABOUT_RETURN_TYPE = YES_ERROR;
				GCC_WARN_UNDECLARED_SELECTOR = YES;
				GCC_WARN_UNINITIALIZED_AUTOS = YES_AGGRESSIVE;
				GCC_WARN_UNUSED_FUNCTION = YES;
				GCC_WARN_UNUSED_VARIABLE = YES;
				IPHONEOS_DEPLOYMENT_TARGET = 16.0;
				MTL_ENABLE_DEBUG_INFO = NO;
				MTL_FAST_MATH = YES;
				SDKROOT = iphoneos;
				SWIFT_COMPILATION_MODE = wholemodule;
				SWIFT_OPTIMIZATION_LEVEL = "-O";
				VALIDATE_PRODUCT = YES;
			};
			name = Release;
		};
		3DB40D6D2A4A1E3F00C7CD91 /* Debug */ = {
			isa = XCBuildConfiguration;
			buildSettings = {
				ASSETCATALOG_COMPILER_APPICON_NAME = AppIcon;
				ASSETCATALOG_COMPILER_GLOBAL_ACCENT_COLOR_NAME = AccentColor;
				CODE_SIGN_STYLE = Automatic;
				CURRENT_PROJECT_VERSION = 1;
				DEVELOPMENT_ASSET_PATHS = "\"FoodPin/Preview Content\"";
				DEVELOPMENT_TEAM = WC362J72KA;
				ENABLE_PREVIEWS = YES;
				GENERATE_INFOPLIST_FILE = YES;
				INFOPLIST_FILE = FoodPin/Info.plist;
				INFOPLIST_KEY_LSApplicationCategoryType = "";
				INFOPLIST_KEY_NSCameraUsageDescription = "To click a photo of your restaurant we need access to your camera first.";
				INFOPLIST_KEY_NSPhotoLibraryUsageDescription = "To select a restaurant image from your photo library we need to access it first";
				INFOPLIST_KEY_UIApplicationSceneManifest_Generation = YES;
				INFOPLIST_KEY_UIApplicationSupportsIndirectInputEvents = YES;
				INFOPLIST_KEY_UILaunchScreen_Generation = YES;
				INFOPLIST_KEY_UISupportedInterfaceOrientations_iPad = "UIInterfaceOrientationPortrait UIInterfaceOrientationPortraitUpsideDown UIInterfaceOrientationLandscapeLeft UIInterfaceOrientationLandscapeRight";
				INFOPLIST_KEY_UISupportedInterfaceOrientations_iPhone = "UIInterfaceOrientationPortrait UIInterfaceOrientationLandscapeLeft UIInterfaceOrientationLandscapeRight";
				IPHONEOS_DEPLOYMENT_TARGET = 16.0;
				LD_RUNPATH_SEARCH_PATHS = (
					"$(inherited)",
					"@executable_path/Frameworks",
				);
				MARKETING_VERSION = 1.0;
				PRODUCT_BUNDLE_IDENTIFIER = ca.bytesizedsoftware.FoodPin;
				PRODUCT_NAME = "$(TARGET_NAME)";
				SWIFT_EMIT_LOC_STRINGS = YES;
				SWIFT_VERSION = 5.0;
				TARGETED_DEVICE_FAMILY = "1,2";
			};
			name = Debug;
		};
		3DB40D6E2A4A1E3F00C7CD91 /* Release */ = {
			isa = XCBuildConfiguration;
			buildSettings = {
				ASSETCATALOG_COMPILER_APPICON_NAME = AppIcon;
				ASSETCATALOG_COMPILER_GLOBAL_ACCENT_COLOR_NAME = AccentColor;
				CODE_SIGN_STYLE = Automatic;
				CURRENT_PROJECT_VERSION = 1;
				DEVELOPMENT_ASSET_PATHS = "\"FoodPin/Preview Content\"";
				DEVELOPMENT_TEAM = WC362J72KA;
				ENABLE_PREVIEWS = YES;
				GENERATE_INFOPLIST_FILE = YES;
				INFOPLIST_FILE = FoodPin/Info.plist;
				INFOPLIST_KEY_LSApplicationCategoryType = "";
				INFOPLIST_KEY_NSCameraUsageDescription = "To click a photo of your restaurant we need access to your camera first.";
				INFOPLIST_KEY_NSPhotoLibraryUsageDescription = "To select a restaurant image from your photo library we need to access it first";
				INFOPLIST_KEY_UIApplicationSceneManifest_Generation = YES;
				INFOPLIST_KEY_UIApplicationSupportsIndirectInputEvents = YES;
				INFOPLIST_KEY_UILaunchScreen_Generation = YES;
				INFOPLIST_KEY_UISupportedInterfaceOrientations_iPad = "UIInterfaceOrientationPortrait UIInterfaceOrientationPortraitUpsideDown UIInterfaceOrientationLandscapeLeft UIInterfaceOrientationLandscapeRight";
				INFOPLIST_KEY_UISupportedInterfaceOrientations_iPhone = "UIInterfaceOrientationPortrait UIInterfaceOrientationLandscapeLeft UIInterfaceOrientationLandscapeRight";
				IPHONEOS_DEPLOYMENT_TARGET = 16.0;
				LD_RUNPATH_SEARCH_PATHS = (
					"$(inherited)",
					"@executable_path/Frameworks",
				);
				MARKETING_VERSION = 1.0;
				PRODUCT_BUNDLE_IDENTIFIER = ca.bytesizedsoftware.FoodPin;
				PRODUCT_NAME = "$(TARGET_NAME)";
				SWIFT_EMIT_LOC_STRINGS = YES;
				SWIFT_VERSION = 5.0;
				TARGETED_DEVICE_FAMILY = "1,2";
			};
			name = Release;
		};
/* End XCBuildConfiguration section */

/* Begin XCConfigurationList section */
		3DB40D592A4A1E3D00C7CD91 /* Build configuration list for PBXProject "FoodPin" */ = {
			isa = XCConfigurationList;
			buildConfigurations = (
				3DB40D6A2A4A1E3F00C7CD91 /* Debug */,
				3DB40D6B2A4A1E3F00C7CD91 /* Release */,
			);
			defaultConfigurationIsVisible = 0;
			defaultConfigurationName = Release;
		};
		3DB40D6C2A4A1E3F00C7CD91 /* Build configuration list for PBXNativeTarget "FoodPin" */ = {
			isa = XCConfigurationList;
			buildConfigurations = (
				3DB40D6D2A4A1E3F00C7CD91 /* Debug */,
				3DB40D6E2A4A1E3F00C7CD91 /* Release */,
			);
			defaultConfigurationIsVisible = 0;
			defaultConfigurationName = Release;
		};
/* End XCConfigurationList section */

/* Begin XCVersionGroup section */
		3D80441E2A96571A00579B2C /* FoodPin.xcdatamodeld */ = {
			isa = XCVersionGroup;
			children = (
				3D80441F2A96571A00579B2C /* FoodPin.xcdatamodel */,
			);
			currentVersion = 3D80441F2A96571A00579B2C /* FoodPin.xcdatamodel */;
			path = FoodPin.xcdatamodeld;
			sourceTree = "<group>";
			versionGroupType = wrapper.xcdatamodel;
		};
/* End XCVersionGroup section */
	};
	rootObject = 3DB40D562A4A1E3D00C7CD91 /* Project object */;
}
